{
  "name": "pelisfirebase",
  "version": "1.0.0",
  "lockfileVersion": 1,
  "requires": true,
  "dependencies": {
    "bootstrap": {
      "version": "4.5.3",
      "resolved": "https://registry.npmjs.org/bootstrap/-/bootstrap-4.5.3.tgz",
      "integrity": "sha512-o9ppKQioXGqhw8Z7mah6KdTYpNQY//tipnkxppWhPbiSWdD+1raYsnhwEZjkTHYbGee4cVQ0Rx65EhOY/HNLcQ=="
    },
    "bootstrap.native": {
      "version": "3.0.14",
      "resolved": "https://registry.npmjs.org/bootstrap.native/-/bootstrap.native-3.0.14.tgz",
      "integrity": "sha512-G/Lwc0flkp1DLe/EB+w4P7sXaTwym0G8pCQr+3WcfN/rMo8Cat+EUn5ChLUX309X/Z67/VnQGO0peX62jRXc1Q==",
      "requires": {
        "minifill": "^0.0.8",
        "shorter-js": "^0.1.7"
      }
    },
    "minifill": {
      "version": "0.0.8",
      "resolved": "https://registry.npmjs.org/minifill/-/minifill-0.0.8.tgz",
      "integrity": "sha512-DOw02Fev6xB40wyie/YJtnIhY0eI+iQ7aBQlSVkOy5OKlFAxob6uG301uvJyMT7F1OeMGfbDexOTabL3uLid1g=="
    },
    "shorter-js": {
      "version": "0.1.7",
      "resolved": "https://registry.npmjs.org/shorter-js/-/shorter-js-0.1.7.tgz",
      "integrity": "sha512-H7dO5P4a0LndmaRgTsRTHn3Rf2Oy7ocVf6M1ZvYJIIAtOcEnE7lmhQ7bnDzoU22JbN6KR+VgLzhuuSAhMpoxrQ=="
    }
  }
}
